
Microsoft Visual Studio Solution File, Format Version 12.00
# Visual Studio 15
VisualStudioVersion = 15.0.28307.271
MinimumVisualStudioVersion = 10.0.40219.1
Project("{FAE04EC0-301F-11D3-BF4B-00C04F79EFBC}") = "SquirrelUpdateServer", "SquirrelUpdateServer\SquirrelUpdateServer.csproj", "{B1FBA35D-45CF-4590-9207-51BC5F7F473A}"
EndProject
Global
	GlobalSection(SolutionConfigurationPlatforms) = preSolution
		Debug|Any CPU = Debug|Any CPU
		Release|Any CPU = Release|Any CPU
	EndGlobalSection
	GlobalSection(ProjectConfigurationPlatforms) = postSolution
		{B1FBA35D-45CF-4590-9207-51BC5F7F473A}.Debug|Any CPU.ActiveCfg = Debug|Any CPU
		{B1FBA35D-45CF-4590-9207-51BC5F7F473A}.Debug|Any CPU.Build.0 = Debug|Any CPU
		{B1FBA35D-45CF-4590-9207-51BC5F7F473A}.Release|Any CPU.ActiveCfg = Release|Any CPU
		{B1FBA35D-45CF-4590-9207-51BC5F7F473A}.Release|Any CPU.Build.0 = Release|Any CPU
	EndGlobalSection
	GlobalSection(SolutionProperties) = preSolution
		HideSolutionNode = FALSE
	EndGlobalSection
	GlobalSection(ExtensibilityGlobals) = postSolution
		SolutionGuid = {B944D5A4-DBF4-409A-808F-DB0DE6FA4881}
	EndGlobalSection
EndGlobal
